Microsoft Visual Studio Solution File, Format Version 12.00
# Visual Studio Version 17
VisualStudioVersion = 17.5.2.0
MinimumVisualStudioVersion = 10.0.40219.1
Project("{FAE04EC0-301F-11D3-BF4B-00C04F79EFBC}") = "ListaDescritor", "ListaDescritor.csproj", "{A9A0CEFB-F5B5-1AA2-AEB0-8DCA7DBCD921}"
EndProject
Global
	GlobalSection(SolutionConfigurationPlatforms) = preSolution
		Debug|Any CPU = Debug|Any CPU
		Release|Any CPU = Release|Any CPU
	EndGlobalSection
	GlobalSection(ProjectConfigurationPlatforms) = postSolution
		{A9A0CEFB-F5B5-1AA2-AEB0-8DCA7DBCD921}.Debug|Any CPU.ActiveCfg = Debug|Any CPU
		{A9A0CEFB-F5B5-1AA2-AEB0-8DCA7DBCD921}.Debug|Any CPU.Build.0 = Debug|Any CPU
		{A9A0CEFB-F5B5-1AA2-AEB0-8DCA7DBCD921}.Release|Any CPU.ActiveCfg = Release|Any CPU
		{A9A0CEFB-F5B5-1AA2-AEB0-8DCA7DBCD921}.Release|Any CPU.Build.0 = Release|Any CPU
	EndGlobalSection
	GlobalSection(SolutionProperties) = preSolution
		HideSolutionNode = FALSE
	EndGlobalSection
	GlobalSection(ExtensibilityGlobals) = postSolution
		SolutionGuid = {55B77D3E-407C-498D-8359-A30B1EFB2889}
	EndGlobalSection
EndGlobal
