Microsoft Visual Studio Solution File, Format Version 12.00
# Visual Studio Version 17
VisualStudioVersion = 17.5.2.0
MinimumVisualStudioVersion = 10.0.40219.1
Project("{FAE04EC0-301F-11D3-BF4B-00C04F79EFBC}") = "ListaEncadeadaSimples", "ListaEncadeadaSimples\ListaEncadeadaSimples.csproj", "{3F9753F9-81FC-6F2B-9D31-3B62E5B8D35E}"
EndProject
Global
	GlobalSection(SolutionConfigurationPlatforms) = preSolution
		Debug|Any CPU = Debug|Any CPU
		Release|Any CPU = Release|Any CPU
	EndGlobalSection
	GlobalSection(ProjectConfigurationPlatforms) = postSolution
		{3F9753F9-81FC-6F2B-9D31-3B62E5B8D35E}.Debug|Any CPU.ActiveCfg = Debug|Any CPU
		{3F9753F9-81FC-6F2B-9D31-3B62E5B8D35E}.Debug|Any CPU.Build.0 = Debug|Any CPU
		{3F9753F9-81FC-6F2B-9D31-3B62E5B8D35E}.Release|Any CPU.ActiveCfg = Release|Any CPU
		{3F9753F9-81FC-6F2B-9D31-3B62E5B8D35E}.Release|Any CPU.Build.0 = Release|Any CPU
	EndGlobalSection
	GlobalSection(SolutionProperties) = preSolution
		HideSolutionNode = FALSE
	EndGlobalSection
	GlobalSection(ExtensibilityGlobals) = postSolution
		SolutionGuid = {E267B6DD-B71C-4233-82E9-D7AC914C9E45}
	EndGlobalSection
EndGlobal
