Microsoft Visual Studio Solution File, Format Version 12.00
# Visual Studio Version 17
VisualStudioVersion = 17.5.2.0
MinimumVisualStudioVersion = 10.0.40219.1
Project("{FAE04EC0-301F-11D3-BF4B-00C04F79EFBC}") = "PrimeiroEx", "PrimeiroEx\PrimeiroEx.csproj", "{C14C219E-E191-5168-8A5E-8DFAB8DDB085}"
EndProject
Global
	GlobalSection(SolutionConfigurationPlatforms) = preSolution
		Debug|Any CPU = Debug|Any CPU
		Release|Any CPU = Release|Any CPU
	EndGlobalSection
	GlobalSection(ProjectConfigurationPlatforms) = postSolution
		{C14C219E-E191-5168-8A5E-8DFAB8DDB085}.Debug|Any CPU.ActiveCfg = Debug|Any CPU
		{C14C219E-E191-5168-8A5E-8DFAB8DDB085}.Debug|Any CPU.Build.0 = Debug|Any CPU
		{C14C219E-E191-5168-8A5E-8DFAB8DDB085}.Release|Any CPU.ActiveCfg = Release|Any CPU
		{C14C219E-E191-5168-8A5E-8DFAB8DDB085}.Release|Any CPU.Build.0 = Release|Any CPU
	EndGlobalSection
	GlobalSection(SolutionProperties) = preSolution
		HideSolutionNode = FALSE
	EndGlobalSection
	GlobalSection(ExtensibilityGlobals) = postSolution
		SolutionGuid = {1A868A8B-8F68-4EF8-8F71-3B7EE1406B22}
	EndGlobalSection
EndGlobal
